
Microsoft Visual Studio Solution File, Format Version 12.00
# Visual Studio Version 17
VisualStudioVersion = 17.4.33213.308
MinimumVisualStudioVersion = 10.0.40219.1
Project("{9A19103F-16F7-4668-BE54-9A1E7A4F7556}") = "GUI", "AccuPhone\GUI.csproj", "{FE35A79C-2114-4E86-B7F9-14DBE8589D71}"
EndProject
Project("{FAE04EC0-301F-11D3-BF4B-00C04F79EFBC}") = "BUS", "BUS\BUS.csproj", "{AC4EE709-FA72-42E4-9631-6EAB61105D7B}"
EndProject
Project("{FAE04EC0-301F-11D3-BF4B-00C04F79EFBC}") = "DAL", "DAL\DAL.csproj", "{432A8F01-52CF-41BB-A632-7412AD4FD927}"
EndProject
Project("{FAE04EC0-301F-11D3-BF4B-00C04F79EFBC}") = "DTO", "DTO\DTO.csproj", "{C11227D0-88AD-438C-8862-DBEA8ADEF78B}"
EndProject
Global
	GlobalSection(SolutionConfigurationPlatforms) = preSolution
		Debug|Any CPU = Debug|Any CPU
		Release|Any CPU = Release|Any CPU
	EndGlobalSection
	GlobalSection(ProjectConfigurationPlatforms) = postSolution
		{FE35A79C-2114-4E86-B7F9-14DBE8589D71}.Debug|Any CPU.ActiveCfg = Debug|Any CPU
		{FE35A79C-2114-4E86-B7F9-14DBE8589D71}.Debug|Any CPU.Build.0 = Debug|Any CPU
		{FE35A79C-2114-4E86-B7F9-14DBE8589D71}.Release|Any CPU.ActiveCfg = Release|Any CPU
		{FE35A79C-2114-4E86-B7F9-14DBE8589D71}.Release|Any CPU.Build.0 = Release|Any CPU
		{AC4EE709-FA72-42E4-9631-6EAB61105D7B}.Debug|Any CPU.ActiveCfg = Debug|Any CPU
		{AC4EE709-FA72-42E4-9631-6EAB61105D7B}.Debug|Any CPU.Build.0 = Debug|Any CPU
		{AC4EE709-FA72-42E4-9631-6EAB61105D7B}.Release|Any CPU.ActiveCfg = Release|Any CPU
		{AC4EE709-FA72-42E4-9631-6EAB61105D7B}.Release|Any CPU.Build.0 = Release|Any CPU
		{432A8F01-52CF-41BB-A632-7412AD4FD927}.Debug|Any CPU.ActiveCfg = Debug|Any CPU
		{432A8F01-52CF-41BB-A632-7412AD4FD927}.Debug|Any CPU.Build.0 = Debug|Any CPU
		{432A8F01-52CF-41BB-A632-7412AD4FD927}.Release|Any CPU.ActiveCfg = Release|Any CPU
		{432A8F01-52CF-41BB-A632-7412AD4FD927}.Release|Any CPU.Build.0 = Release|Any CPU
		{C11227D0-88AD-438C-8862-DBEA8ADEF78B}.Debug|Any CPU.ActiveCfg = Debug|Any CPU
		{C11227D0-88AD-438C-8862-DBEA8ADEF78B}.Debug|Any CPU.Build.0 = Debug|Any CPU
		{C11227D0-88AD-438C-8862-DBEA8ADEF78B}.Release|Any CPU.ActiveCfg = Release|Any CPU
		{C11227D0-88AD-438C-8862-DBEA8ADEF78B}.Release|Any CPU.Build.0 = Release|Any CPU
	EndGlobalSection
	GlobalSection(SolutionProperties) = preSolution
		HideSolutionNode = FALSE
	EndGlobalSection
	GlobalSection(ExtensibilityGlobals) = postSolution
		SolutionGuid = {BA84DD6C-C4DC-426F-A217-F3B7221C576D}
	EndGlobalSection
EndGlobal
